// !$*UTF8*$!
{
	archiveVersion = 1;
	classes = {
	};
	objectVersion = 46;
	objects = {

/* Begin PBXAggregateTarget section */
		24416B8111C4CA220047AFDD /* Build & Test */ = {
			isa = PBXAggregateTarget;
			buildConfigurationList = 24416B8A11C4CA520047AFDD /* Build configuration list for PBXAggregateTarget "Build & Test" */;
			buildPhases = (
				24416B8011C4CA220047AFDD /* ShellScript */,
			);
			dependencies = (
				24416B8511C4CA280047AFDD /* PBXTargetDependency */,
			);
			name = "Build & Test";
			productName = "Build & test";
		};
/* End PBXAggregateTarget section */

/* Begin PBXBuildFile section */
		24DD6CF91134B3F500162E58 /* ComGooglecodeQuicktigame2dModule.h in Headers */ = {isa = PBXBuildFile; fileRef = 24DD6CF71134B3F500162E58 /* ComGooglecodeQuicktigame2dModule.h */; };
		24DD6CFA1134B3F500162E58 /* ComGooglecodeQuicktigame2dModule.m in Sources */ = {isa = PBXBuildFile; fileRef = 24DD6CF81134B3F500162E58 /* ComGooglecodeQuicktigame2dModule.m */; };
		24DE9E1111C5FE74003F90F6 /* ComGooglecodeQuicktigame2dModuleAssets.h in Headers */ = {isa = PBXBuildFile; fileRef = 24DE9E0F11C5FE74003F90F6 /* ComGooglecodeQuicktigame2dModuleAssets.h */; };
		24DE9E1211C5FE74003F90F6 /* ComGooglecodeQuicktigame2dModuleAssets.mm in Sources */ = {isa = PBXBuildFile; fileRef = 24DE9E1011C5FE74003F90F6 /* ComGooglecodeQuicktigame2dModuleAssets.mm */; };
		AA747D9F0F9514B9006C5449 /* ComGooglecodeQuicktigame2d_Prefix.pch in Headers */ = {isa = PBXBuildFile; fileRef = AA747D9E0F9514B9006C5449 /* ComGooglecodeQuicktigame2d_Prefix.pch */; };
		AACBBE4A0F95108600F1A2B1 /* Foundation.framework in Frameworks */ = {isa = PBXBuildFile; fileRef = AACBBE490F95108600F1A2B1 /* Foundation.framework */; };
		F944A319153DBE8F00CA94DC /* ComGooglecodeQuicktigame2dGameView.h in Headers */ = {isa = PBXBuildFile; fileRef = F944A309153DBE8F00CA94DC /* ComGooglecodeQuicktigame2dGameView.h */; };
		F944A31A153DBE8F00CA94DC /* ComGooglecodeQuicktigame2dGameView.m in Sources */ = {isa = PBXBuildFile; fileRef = F944A30A153DBE8F00CA94DC /* ComGooglecodeQuicktigame2dGameView.m */; };
		F944A31B153DBE8F00CA94DC /* ComGooglecodeQuicktigame2dGameViewProxy.h in Headers */ = {isa = PBXBuildFile; fileRef = F944A30B153DBE8F00CA94DC /* ComGooglecodeQuicktigame2dGameViewProxy.h */; };
		F944A31C153DBE8F00CA94DC /* ComGooglecodeQuicktigame2dGameViewProxy.m in Sources */ = {isa = PBXBuildFile; fileRef = F944A30C153DBE8F00CA94DC /* ComGooglecodeQuicktigame2dGameViewProxy.m */; };
		F944A31D153DBE8F00CA94DC /* ComGooglecodeQuicktigame2dMapSpriteProxy.h in Headers */ = {isa = PBXBuildFile; fileRef = F944A30D153DBE8F00CA94DC /* ComGooglecodeQuicktigame2dMapSpriteProxy.h */; };
		F944A31E153DBE8F00CA94DC /* ComGooglecodeQuicktigame2dMapSpriteProxy.m in Sources */ = {isa = PBXBuildFile; fileRef = F944A30E153DBE8F00CA94DC /* ComGooglecodeQuicktigame2dMapSpriteProxy.m */; };
		F944A31F153DBE8F00CA94DC /* ComGooglecodeQuicktigame2dParticlesProxy.h in Headers */ = {isa = PBXBuildFile; fileRef = F944A30F153DBE8F00CA94DC /* ComGooglecodeQuicktigame2dParticlesProxy.h */; };
		F944A320153DBE8F00CA94DC /* ComGooglecodeQuicktigame2dParticlesProxy.m in Sources */ = {isa = PBXBuildFile; fileRef = F944A310153DBE8F00CA94DC /* ComGooglecodeQuicktigame2dParticlesProxy.m */; };
		F944A321153DBE8F00CA94DC /* ComGooglecodeQuicktigame2dSceneProxy.h in Headers */ = {isa = PBXBuildFile; fileRef = F944A311153DBE8F00CA94DC /* ComGooglecodeQuicktigame2dSceneProxy.h */; };
		F944A322153DBE8F00CA94DC /* ComGooglecodeQuicktigame2dSceneProxy.m in Sources */ = {isa = PBXBuildFile; fileRef = F944A312153DBE8F00CA94DC /* ComGooglecodeQuicktigame2dSceneProxy.m */; };
		F944A323153DBE8F00CA94DC /* ComGooglecodeQuicktigame2dSpriteProxy.h in Headers */ = {isa = PBXBuildFile; fileRef = F944A313153DBE8F00CA94DC /* ComGooglecodeQuicktigame2dSpriteProxy.h */; };
		F944A324153DBE8F00CA94DC /* ComGooglecodeQuicktigame2dSpriteProxy.m in Sources */ = {isa = PBXBuildFile; fileRef = F944A314153DBE8F00CA94DC /* ComGooglecodeQuicktigame2dSpriteProxy.m */; };
		F944A325153DBE8F00CA94DC /* ComGooglecodeQuicktigame2dSpriteSheetProxy.h in Headers */ = {isa = PBXBuildFile; fileRef = F944A315153DBE8F00CA94DC /* ComGooglecodeQuicktigame2dSpriteSheetProxy.h */; };
		F944A326153DBE8F00CA94DC /* ComGooglecodeQuicktigame2dSpriteSheetProxy.m in Sources */ = {isa = PBXBuildFile; fileRef = F944A316153DBE8F00CA94DC /* ComGooglecodeQuicktigame2dSpriteSheetProxy.m */; };
		F944A327153DBE8F00CA94DC /* ComGooglecodeQuicktigame2dTransformProxy.h in Headers */ = {isa = PBXBuildFile; fileRef = F944A317153DBE8F00CA94DC /* ComGooglecodeQuicktigame2dTransformProxy.h */; };
		F944A328153DBE8F00CA94DC /* ComGooglecodeQuicktigame2dTransformProxy.m in Sources */ = {isa = PBXBuildFile; fileRef = F944A318153DBE8F00CA94DC /* ComGooglecodeQuicktigame2dTransformProxy.m */; };
		F96ADFD11557C884008CA8EA /* QuickTiGame2dTextSprite.h in Headers */ = {isa = PBXBuildFile; fileRef = F96ADFCF1557C884008CA8EA /* QuickTiGame2dTextSprite.h */; };
		F96ADFD21557C884008CA8EA /* QuickTiGame2dTextSprite.m in Sources */ = {isa = PBXBuildFile; fileRef = F96ADFD01557C884008CA8EA /* QuickTiGame2dTextSprite.m */; };
		F96ADFD61557C8F6008CA8EA /* ComGooglecodeQuicktigame2dTextSpriteProxy.h in Headers */ = {isa = PBXBuildFile; fileRef = F96ADFD41557C8F6008CA8EA /* ComGooglecodeQuicktigame2dTextSpriteProxy.h */; };
		F96ADFD71557C8F6008CA8EA /* ComGooglecodeQuicktigame2dTextSpriteProxy.m in Sources */ = {isa = PBXBuildFile; fileRef = F96ADFD51557C8F6008CA8EA /* ComGooglecodeQuicktigame2dTextSpriteProxy.m */; };
		F97F53D1155A52E80000C575 /* UIKit.framework in Frameworks */ = {isa = PBXBuildFile; fileRef = F97F53D0155A52E80000C575 /* UIKit.framework */; };
		F9D9C0D01540DD8400DAF450 /* ArrayStackQueue.h in Headers */ = {isa = PBXBuildFile; fileRef = F9D9C0CE1540DD8400DAF450 /* ArrayStackQueue.h */; };
		F9D9C0D11540DD8400DAF450 /* ArrayStackQueue.m in Sources */ = {isa = PBXBuildFile; fileRef = F9D9C0CF1540DD8400DAF450 /* ArrayStackQueue.m */; };
		F9D9C0D41540DD8F00DAF450 /* ParticleDataReader.h in Headers */ = {isa = PBXBuildFile; fileRef = F9D9C0D21540DD8F00DAF450 /* ParticleDataReader.h */; };
		F9D9C0D51540DD8F00DAF450 /* ParticleDataReader.m in Sources */ = {isa = PBXBuildFile; fileRef = F9D9C0D31540DD8F00DAF450 /* ParticleDataReader.m */; };
		F9D9C0EA1540DDA500DAF450 /* QuickTiGame2dAnimationFrame.h in Headers */ = {isa = PBXBuildFile; fileRef = F9D9C0D61540DDA500DAF450 /* QuickTiGame2dAnimationFrame.h */; };
		F9D9C0EB1540DDA500DAF450 /* QuickTiGame2dAnimationFrame.m in Sources */ = {isa = PBXBuildFile; fileRef = F9D9C0D71540DDA500DAF450 /* QuickTiGame2dAnimationFrame.m */; };
		F9D9C0EC1540DDA500DAF450 /* QuickTiGame2dConstant.h in Headers */ = {isa = PBXBuildFile; fileRef = F9D9C0D81540DDA500DAF450 /* QuickTiGame2dConstant.h */; };
		F9D9C0ED1540DDA500DAF450 /* QuickTiGame2dEngine.h in Headers */ = {isa = PBXBuildFile; fileRef = F9D9C0D91540DDA500DAF450 /* QuickTiGame2dEngine.h */; };
		F9D9C0EE1540DDA500DAF450 /* QuickTiGame2dEngine.m in Sources */ = {isa = PBXBuildFile; fileRef = F9D9C0DA1540DDA500DAF450 /* QuickTiGame2dEngine.m */; };
		F9D9C0EF1540DDA500DAF450 /* QuickTiGame2dMapSprite.h in Headers */ = {isa = PBXBuildFile; fileRef = F9D9C0DB1540DDA500DAF450 /* QuickTiGame2dMapSprite.h */; };
		F9D9C0F01540DDA500DAF450 /* QuickTiGame2dMapSprite.m in Sources */ = {isa = PBXBuildFile; fileRef = F9D9C0DC1540DDA500DAF450 /* QuickTiGame2dMapSprite.m */; };
		F9D9C0F11540DDA500DAF450 /* QuickTiGame2dParticles.h in Headers */ = {isa = PBXBuildFile; fileRef = F9D9C0DD1540DDA500DAF450 /* QuickTiGame2dParticles.h */; };
		F9D9C0F21540DDA500DAF450 /* QuickTiGame2dParticles.m in Sources */ = {isa = PBXBuildFile; fileRef = F9D9C0DE1540DDA500DAF450 /* QuickTiGame2dParticles.m */; };
		F9D9C0F31540DDA500DAF450 /* QuickTiGame2dParticlesTypes.h in Headers */ = {isa = PBXBuildFile; fileRef = F9D9C0DF1540DDA500DAF450 /* QuickTiGame2dParticlesTypes.h */; };
		F9D9C0F41540DDA500DAF450 /* QuickTiGame2dScene.h in Headers */ = {isa = PBXBuildFile; fileRef = F9D9C0E01540DDA500DAF450 /* QuickTiGame2dScene.h */; };
		F9D9C0F51540DDA500DAF450 /* QuickTiGame2dScene.m in Sources */ = {isa = PBXBuildFile; fileRef = F9D9C0E11540DDA500DAF450 /* QuickTiGame2dScene.m */; };
		F9D9C0F61540DDA500DAF450 /* QuickTiGame2dSprite.h in Headers */ = {isa = PBXBuildFile; fileRef = F9D9C0E21540DDA500DAF450 /* QuickTiGame2dSprite.h */; };
		F9D9C0F71540DDA500DAF450 /* QuickTiGame2dSprite.m in Sources */ = {isa = PBXBuildFile; fileRef = F9D9C0E31540DDA500DAF450 /* QuickTiGame2dSprite.m */; };
		F9D9C0F81540DDA500DAF450 /* QuickTiGame2dTexture.h in Headers */ = {isa = PBXBuildFile; fileRef = F9D9C0E41540DDA500DAF450 /* QuickTiGame2dTexture.h */; };
		F9D9C0F91540DDA500DAF450 /* QuickTiGame2dTexture.m in Sources */ = {isa = PBXBuildFile; fileRef = F9D9C0E51540DDA500DAF450 /* QuickTiGame2dTexture.m */; };
		F9D9C0FA1540DDA500DAF450 /* QuickTiGame2dTransform.h in Headers */ = {isa = PBXBuildFile; fileRef = F9D9C0E61540DDA500DAF450 /* QuickTiGame2dTransform.h */; };
		F9D9C0FB1540DDA500DAF450 /* QuickTiGame2dTransform.m in Sources */ = {isa = PBXBuildFile; fileRef = F9D9C0E71540DDA500DAF450 /* QuickTiGame2dTransform.m */; };
		F9D9C0FC1540DDA500DAF450 /* QuickTiGame2dUtil.h in Headers */ = {isa = PBXBuildFile; fileRef = F9D9C0E81540DDA500DAF450 /* QuickTiGame2dUtil.h */; };
		F9D9C0FD1540DDA500DAF450 /* QuickTiGame2dUtil.m in Sources */ = {isa = PBXBuildFile; fileRef = F9D9C0E91540DDA500DAF450 /* QuickTiGame2dUtil.m */; };
/* End PBXBuildFile section */

/* Begin PBXContainerItemProxy section */
		24416B8411C4CA280047AFDD /* PBXContainerItemProxy */ = {
			isa = PBXContainerItemProxy;
			containerPortal = 0867D690FE84028FC02AAC07 /* Project object */;
			proxyType = 1;
			remoteGlobalIDString = D2AAC07D0554694100DB518D;
			remoteInfo = quicktigame2dmodule;
		};
/* End PBXContainerItemProxy section */

/* Begin PBXFileReference section */
		24DD6CF71134B3F500162E58 /* ComGooglecodeQuicktigame2dModule.h */ = {isa = PBXFileReference; fileEncoding = 4; lastKnownFileType = sourcecode.c.h; name = ComGooglecodeQuicktigame2dModule.h; path = Classes/ComGooglecodeQuicktigame2dModule.h; sourceTree = "<group>"; };
		24DD6CF81134B3F500162E58 /* ComGooglecodeQuicktigame2dModule.m */ = {isa = PBXFileReference; fileEncoding = 4; lastKnownFileType = sourcecode.c.objc; name = ComGooglecodeQuicktigame2dModule.m; path = Classes/ComGooglecodeQuicktigame2dModule.m; sourceTree = "<group>"; };
		24DD6D1B1134B66800162E58 /* titanium.xcconfig */ = {isa = PBXFileReference; fileEncoding = 4; lastKnownFileType = text.xcconfig; path = titanium.xcconfig; sourceTree = "<group>"; };
		24DE9E0F11C5FE74003F90F6 /* ComGooglecodeQuicktigame2dModuleAssets.h */ = {isa = PBXFileReference; fileEncoding = 4; lastKnownFileType = sourcecode.c.h; name = ComGooglecodeQuicktigame2dModuleAssets.h; path = Classes/ComGooglecodeQuicktigame2dModuleAssets.h; sourceTree = "<group>"; };
		24DE9E1011C5FE74003F90F6 /* ComGooglecodeQuicktigame2dModuleAssets.mm */ = {isa = PBXFileReference; fileEncoding = 4; lastKnownFileType = sourcecode.cpp.objcpp; name = ComGooglecodeQuicktigame2dModuleAssets.mm; path = Classes/ComGooglecodeQuicktigame2dModuleAssets.mm; sourceTree = "<group>"; };
		AA747D9E0F9514B9006C5449 /* ComGooglecodeQuicktigame2d_Prefix.pch */ = {isa = PBXFileReference; fileEncoding = 4; lastKnownFileType = sourcecode.c.h; path = ComGooglecodeQuicktigame2d_Prefix.pch; sourceTree = SOURCE_ROOT; };
		AACBBE490F95108600F1A2B1 /* Foundation.framework */ = {isa = PBXFileReference; lastKnownFileType = wrapper.framework; name = Foundation.framework; path = System/Library/Frameworks/Foundation.framework; sourceTree = SDKROOT; };
		D2AAC07E0554694100DB518D /* libComGooglecodeQuicktigame2d.a */ = {isa = PBXFileReference; explicitFileType = archive.ar; includeInIndex = 0; path = libComGooglecodeQuicktigame2d.a; sourceTree = BUILT_PRODUCTS_DIR; };
		F944A309153DBE8F00CA94DC /* ComGooglecodeQuicktigame2dGameView.h */ = {isa = PBXFileReference; fileEncoding = 4; lastKnownFileType = sourcecode.c.h; name = ComGooglecodeQuicktigame2dGameView.h; path = Classes/ComGooglecodeQuicktigame2dGameView.h; sourceTree = "<group>"; };
		F944A30A153DBE8F00CA94DC /* ComGooglecodeQuicktigame2dGameView.m */ = {isa = PBXFileReference; fileEncoding = 4; lastKnownFileType = sourcecode.c.objc; name = ComGooglecodeQuicktigame2dGameView.m; path = Classes/ComGooglecodeQuicktigame2dGameView.m; sourceTree = "<group>"; };
		F944A30B153DBE8F00CA94DC /* ComGooglecodeQuicktigame2dGameViewProxy.h */ = {isa = PBXFileReference; fileEncoding = 4; lastKnownFileType = sourcecode.c.h; name = ComGooglecodeQuicktigame2dGameViewProxy.h; path = Classes/ComGooglecodeQuicktigame2dGameViewProxy.h; sourceTree = "<group>"; };
		F944A30C153DBE8F00CA94DC /* ComGooglecodeQuicktigame2dGameViewProxy.m */ = {isa = PBXFileReference; fileEncoding = 4; lastKnownFileType = sourcecode.c.objc; name = ComGooglecodeQuicktigame2dGameViewProxy.m; path = Classes/ComGooglecodeQuicktigame2dGameViewProxy.m; sourceTree = "<group>"; };
		F944A30D153DBE8F00CA94DC /* ComGooglecodeQuicktigame2dMapSpriteProxy.h */ = {isa = PBXFileReference; fileEncoding = 4; lastKnownFileType = sourcecode.c.h; name = ComGooglecodeQuicktigame2dMapSpriteProxy.h; path = Classes/ComGooglecodeQuicktigame2dMapSpriteProxy.h; sourceTree = "<group>"; };
		F944A30E153DBE8F00CA94DC /* ComGooglecodeQuicktigame2dMapSpriteProxy.m */ = {isa = PBXFileReference; fileEncoding = 4; lastKnownFileType = sourcecode.c.objc; name = ComGooglecodeQuicktigame2dMapSpriteProxy.m; path = Classes/ComGooglecodeQuicktigame2dMapSpriteProxy.m; sourceTree = "<group>"; };
		F944A30F153DBE8F00CA94DC /* ComGooglecodeQuicktigame2dParticlesProxy.h */ = {isa = PBXFileReference; fileEncoding = 4; lastKnownFileType = sourcecode.c.h; name = ComGooglecodeQuicktigame2dParticlesProxy.h; path = Classes/ComGooglecodeQuicktigame2dParticlesProxy.h; sourceTree = "<group>"; };
		F944A310153DBE8F00CA94DC /* ComGooglecodeQuicktigame2dParticlesProxy.m */ = {isa = PBXFileReference; fileEncoding = 4; lastKnownFileType = sourcecode.c.objc; name = ComGooglecodeQuicktigame2dParticlesProxy.m; path = Classes/ComGooglecodeQuicktigame2dParticlesProxy.m; sourceTree = "<group>"; };
		F944A311153DBE8F00CA94DC /* ComGooglecodeQuicktigame2dSceneProxy.h */ = {isa = PBXFileReference; fileEncoding = 4; lastKnownFileType = sourcecode.c.h; name = ComGooglecodeQuicktigame2dSceneProxy.h; path = Classes/ComGooglecodeQuicktigame2dSceneProxy.h; sourceTree = "<group>"; };
		F944A312153DBE8F00CA94DC /* ComGooglecodeQuicktigame2dSceneProxy.m */ = {isa = PBXFileReference; fileEncoding = 4; lastKnownFileType = sourcecode.c.objc; name = ComGooglecodeQuicktigame2dSceneProxy.m; path = Classes/ComGooglecodeQuicktigame2dSceneProxy.m; sourceTree = "<group>"; };
		F944A313153DBE8F00CA94DC /* ComGooglecodeQuicktigame2dSpriteProxy.h */ = {isa = PBXFileReference; fileEncoding = 4; lastKnownFileType = sourcecode.c.h; name = ComGooglecodeQuicktigame2dSpriteProxy.h; path = Classes/ComGooglecodeQuicktigame2dSpriteProxy.h; sourceTree = "<group>"; };
		F944A314153DBE8F00CA94DC /* ComGooglecodeQuicktigame2dSpriteProxy.m */ = {isa = PBXFileReference; fileEncoding = 4; lastKnownFileType = sourcecode.c.objc; name = ComGooglecodeQuicktigame2dSpriteProxy.m; path = Classes/ComGooglecodeQuicktigame2dSpriteProxy.m; sourceTree = "<group>"; };
		F944A315153DBE8F00CA94DC /* ComGooglecodeQuicktigame2dSpriteSheetProxy.h */ = {isa = PBXFileReference; fileEncoding = 4; lastKnownFileType = sourcecode.c.h; name = ComGooglecodeQuicktigame2dSpriteSheetProxy.h; path = Classes/ComGooglecodeQuicktigame2dSpriteSheetProxy.h; sourceTree = "<group>"; };
		F944A316153DBE8F00CA94DC /* ComGooglecodeQuicktigame2dSpriteSheetProxy.m */ = {isa = PBXFileReference; fileEncoding = 4; lastKnownFileType = sourcecode.c.objc; name = ComGooglecodeQuicktigame2dSpriteSheetProxy.m; path = Classes/ComGooglecodeQuicktigame2dSpriteSheetProxy.m; sourceTree = "<group>"; };
		F944A317153DBE8F00CA94DC /* ComGooglecodeQuicktigame2dTransformProxy.h */ = {isa = PBXFileReference; fileEncoding = 4; lastKnownFileType = sourcecode.c.h; name = ComGooglecodeQuicktigame2dTransformProxy.h; path = Classes/ComGooglecodeQuicktigame2dTransformProxy.h; sourceTree = "<group>"; };
		F944A318153DBE8F00CA94DC /* ComGooglecodeQuicktigame2dTransformProxy.m */ = {isa = PBXFileReference; fileEncoding = 4; lastKnownFileType = sourcecode.c.objc; name = ComGooglecodeQuicktigame2dTransformProxy.m; path = Classes/ComGooglecodeQuicktigame2dTransformProxy.m; sourceTree = "<group>"; };
		F944A35C153DBF6700CA94DC /* app.js */ = {isa = PBXFileReference; lastKnownFileType = sourcecode.javascript; name = app.js; path = example/app.js; sourceTree = "<group>"; };
		F96ADFCF1557C884008CA8EA /* QuickTiGame2dTextSprite.h */ = {isa = PBXFileReference; fileEncoding = 4; lastKnownFileType = sourcecode.c.h; name = QuickTiGame2dTextSprite.h; path = ../QuickTiGame2d/QuickTiGame2d/QuickTiGame2dTextSprite.h; sourceTree = "<group>"; };
		F96ADFD01557C884008CA8EA /* QuickTiGame2dTextSprite.m */ = {isa = PBXFileReference; fileEncoding = 4; lastKnownFileType = sourcecode.c.objc; name = QuickTiGame2dTextSprite.m; path = ../QuickTiGame2d/QuickTiGame2d/QuickTiGame2dTextSprite.m; sourceTree = "<group>"; };
		F96ADFD41557C8F6008CA8EA /* ComGooglecodeQuicktigame2dTextSpriteProxy.h */ = {isa = PBXFileReference; fileEncoding = 4; lastKnownFileType = sourcecode.c.h; name = ComGooglecodeQuicktigame2dTextSpriteProxy.h; path = Classes/ComGooglecodeQuicktigame2dTextSpriteProxy.h; sourceTree = "<group>"; };
		F96ADFD51557C8F6008CA8EA /* ComGooglecodeQuicktigame2dTextSpriteProxy.m */ = {isa = PBXFileReference; fileEncoding = 4; lastKnownFileType = sourcecode.c.objc; name = ComGooglecodeQuicktigame2dTextSpriteProxy.m; path = Classes/ComGooglecodeQuicktigame2dTextSpriteProxy.m; sourceTree = "<group>"; };
		F97F53D0155A52E80000C575 /* UIKit.framework */ = {isa = PBXFileReference; lastKnownFileType = wrapper.framework; name = UIKit.framework; path = System/Library/Frameworks/UIKit.framework; sourceTree = SDKROOT; };
		F9D9C0CE1540DD8400DAF450 /* ArrayStackQueue.h */ = {isa = PBXFileReference; fileEncoding = 4; lastKnownFileType = sourcecode.c.h; name = ArrayStackQueue.h; path = ../QuickTiGame2d/QuickTiGame2d/ArrayStackQueue.h; sourceTree = "<group>"; };
		F9D9C0CF1540DD8400DAF450 /* ArrayStackQueue.m */ = {isa = PBXFileReference; fileEncoding = 4; lastKnownFileType = sourcecode.c.objc; name = ArrayStackQueue.m; path = ../QuickTiGame2d/QuickTiGame2d/ArrayStackQueue.m; sourceTree = "<group>"; };
		F9D9C0D21540DD8F00DAF450 /* ParticleDataReader.h */ = {isa = PBXFileReference; fileEncoding = 4; lastKnownFileType = sourcecode.c.h; name = ParticleDataReader.h; path = ../QuickTiGame2d/QuickTiGame2d/ParticleDataReader.h; sourceTree = "<group>"; };
		F9D9C0D31540DD8F00DAF450 /* ParticleDataReader.m */ = {isa = PBXFileReference; fileEncoding = 4; lastKnownFileType = sourcecode.c.objc; name = ParticleDataReader.m; path = ../QuickTiGame2d/QuickTiGame2d/ParticleDataReader.m; sourceTree = "<group>"; };
		F9D9C0D61540DDA500DAF450 /* QuickTiGame2dAnimationFrame.h */ = {isa = PBXFileReference; fileEncoding = 4; lastKnownFileType = sourcecode.c.h; name = QuickTiGame2dAnimationFrame.h; path = ../QuickTiGame2d/QuickTiGame2d/QuickTiGame2dAnimationFrame.h; sourceTree = "<group>"; };
		F9D9C0D71540DDA500DAF450 /* QuickTiGame2dAnimationFrame.m */ = {isa = PBXFileReference; fileEncoding = 4; lastKnownFileType = sourcecode.c.objc; name = QuickTiGame2dAnimationFrame.m; path = ../QuickTiGame2d/QuickTiGame2d/QuickTiGame2dAnimationFrame.m; sourceTree = "<group>"; };
		F9D9C0D81540DDA500DAF450 /* QuickTiGame2dConstant.h */ = {isa = PBXFileReference; fileEncoding = 4; lastKnownFileType = sourcecode.c.h; name = QuickTiGame2dConstant.h; path = ../QuickTiGame2d/QuickTiGame2d/QuickTiGame2dConstant.h; sourceTree = "<group>"; };
		F9D9C0D91540DDA500DAF450 /* QuickTiGame2dEngine.h */ = {isa = PBXFileReference; fileEncoding = 4; lastKnownFileType = sourcecode.c.h; name = QuickTiGame2dEngine.h; path = ../QuickTiGame2d/QuickTiGame2d/QuickTiGame2dEngine.h; sourceTree = "<group>"; };
		F9D9C0DA1540DDA500DAF450 /* QuickTiGame2dEngine.m */ = {isa = PBXFileReference; fileEncoding = 4; lastKnownFileType = sourcecode.c.objc; name = QuickTiGame2dEngine.m; path = ../QuickTiGame2d/QuickTiGame2d/QuickTiGame2dEngine.m; sourceTree = "<group>"; };
		F9D9C0DB1540DDA500DAF450 /* QuickTiGame2dMapSprite.h */ = {isa = PBXFileReference; fileEncoding = 4; lastKnownFileType = sourcecode.c.h; name = QuickTiGame2dMapSprite.h; path = ../QuickTiGame2d/QuickTiGame2d/QuickTiGame2dMapSprite.h; sourceTree = "<group>"; };
		F9D9C0DC1540DDA500DAF450 /* QuickTiGame2dMapSprite.m */ = {isa = PBXFileReference; fileEncoding = 4; lastKnownFileType = sourcecode.c.objc; name = QuickTiGame2dMapSprite.m; path = ../QuickTiGame2d/QuickTiGame2d/QuickTiGame2dMapSprite.m; sourceTree = "<group>"; };
		F9D9C0DD1540DDA500DAF450 /* QuickTiGame2dParticles.h */ = {isa = PBXFileReference; fileEncoding = 4; lastKnownFileType = sourcecode.c.h; name = QuickTiGame2dParticles.h; path = ../QuickTiGame2d/QuickTiGame2d/QuickTiGame2dParticles.h; sourceTree = "<group>"; };
		F9D9C0DE1540DDA500DAF450 /* QuickTiGame2dParticles.m */ = {isa = PBXFileReference; fileEncoding = 4; lastKnownFileType = sourcecode.c.objc; name = QuickTiGame2dParticles.m; path = ../QuickTiGame2d/QuickTiGame2d/QuickTiGame2dParticles.m; sourceTree = "<group>"; };
		F9D9C0DF1540DDA500DAF450 /* QuickTiGame2dParticlesTypes.h */ = {isa = PBXFileReference; fileEncoding = 4; lastKnownFileType = sourcecode.c.h; name = QuickTiGame2dParticlesTypes.h; path = ../QuickTiGame2d/QuickTiGame2d/QuickTiGame2dParticlesTypes.h; sourceTree = "<group>"; };
		F9D9C0E01540DDA500DAF450 /* QuickTiGame2dScene.h */ = {isa = PBXFileReference; fileEncoding = 4; lastKnownFileType = sourcecode.c.h; name = QuickTiGame2dScene.h; path = ../QuickTiGame2d/QuickTiGame2d/QuickTiGame2dScene.h; sourceTree = "<group>"; };
		F9D9C0E11540DDA500DAF450 /* QuickTiGame2dScene.m */ = {isa = PBXFileReference; fileEncoding = 4; lastKnownFileType = sourcecode.c.objc; name = QuickTiGame2dScene.m; path = ../QuickTiGame2d/QuickTiGame2d/QuickTiGame2dScene.m; sourceTree = "<group>"; };
		F9D9C0E21540DDA500DAF450 /* QuickTiGame2dSprite.h */ = {isa = PBXFileReference; fileEncoding = 4; lastKnownFileType = sourcecode.c.h; name = QuickTiGame2dSprite.h; path = ../QuickTiGame2d/QuickTiGame2d/QuickTiGame2dSprite.h; sourceTree = "<group>"; };
		F9D9C0E31540DDA500DAF450 /* QuickTiGame2dSprite.m */ = {isa = PBXFileReference; fileEncoding = 4; lastKnownFileType = sourcecode.c.objc; name = QuickTiGame2dSprite.m; path = ../QuickTiGame2d/QuickTiGame2d/QuickTiGame2dSprite.m; sourceTree = "<group>"; };
		F9D9C0E41540DDA500DAF450 /* QuickTiGame2dTexture.h */ = {isa = PBXFileReference; fileEncoding = 4; lastKnownFileType = sourcecode.c.h; name = QuickTiGame2dTexture.h; path = ../QuickTiGame2d/QuickTiGame2d/QuickTiGame2dTexture.h; sourceTree = "<group>"; };
		F9D9C0E51540DDA500DAF450 /* QuickTiGame2dTexture.m */ = {isa = PBXFileReference; fileEncoding = 4; lastKnownFileType = sourcecode.c.objc; name = QuickTiGame2dTexture.m; path = ../QuickTiGame2d/QuickTiGame2d/QuickTiGame2dTexture.m; sourceTree = "<group>"; };
		F9D9C0E61540DDA500DAF450 /* QuickTiGame2dTransform.h */ = {isa = PBXFileReference; fileEncoding = 4; lastKnownFileType = sourcecode.c.h; name = QuickTiGame2dTransform.h; path = ../QuickTiGame2d/QuickTiGame2d/QuickTiGame2dTransform.h; sourceTree = "<group>"; };
		F9D9C0E71540DDA500DAF450 /* QuickTiGame2dTransform.m */ = {isa = PBXFileReference; fileEncoding = 4; lastKnownFileType = sourcecode.c.objc; name = QuickTiGame2dTransform.m; path = ../QuickTiGame2d/QuickTiGame2d/QuickTiGame2dTransform.m; sourceTree = "<group>"; };
		F9D9C0E81540DDA500DAF450 /* QuickTiGame2dUtil.h */ = {isa = PBXFileReference; fileEncoding = 4; lastKnownFileType = sourcecode.c.h; name = QuickTiGame2dUtil.h; path = ../QuickTiGame2d/QuickTiGame2d/QuickTiGame2dUtil.h; sourceTree = "<group>"; };
		F9D9C0E91540DDA500DAF450 /* QuickTiGame2dUtil.m */ = {isa = PBXFileReference; fileEncoding = 4; lastKnownFileType = sourcecode.c.objc; name = QuickTiGame2dUtil.m; path = ../QuickTiGame2d/QuickTiGame2d/QuickTiGame2dUtil.m; sourceTree = "<group>"; };
/* End PBXFileReference section */

/* Begin PBXFrameworksBuildPhase section */
		D2AAC07C0554694100DB518D /* Frameworks */ = {
			isa = PBXFrameworksBuildPhase;
			buildActionMask = 2147483647;
			files = (
				F97F53D1155A52E80000C575 /* UIKit.framework in Frameworks */,
				AACBBE4A0F95108600F1A2B1 /* Foundation.framework in Frameworks */,
			);
			runOnlyForDeploymentPostprocessing = 0;
		};
/* End PBXFrameworksBuildPhase section */

/* Begin PBXGroup section */
		034768DFFF38A50411DB9C8B /* Products */ = {
			isa = PBXGroup;
			children = (
				D2AAC07E0554694100DB518D /* libComGooglecodeQuicktigame2d.a */,
			);
			name = Products;
			sourceTree = "<group>";
		};
		0867D691FE84028FC02AAC07 /* quicktigame2dmodule */ = {
			isa = PBXGroup;
			children = (
				F944A35B153DBF5400CA94DC /* example */,
				F944A32A153DBEB000CA94DC /* QuickTiGame2d */,
				08FB77AEFE84172EC02AAC07 /* Classes */,
				32C88DFF0371C24200C91783 /* Other Sources */,
				0867D69AFE84028FC02AAC07 /* Frameworks */,
				034768DFFF38A50411DB9C8B /* Products */,
			);
			name = quicktigame2dmodule;
			sourceTree = "<group>";
		};
		0867D69AFE84028FC02AAC07 /* Frameworks */ = {
			isa = PBXGroup;
			children = (
				F97F53D0155A52E80000C575 /* UIKit.framework */,
				AACBBE490F95108600F1A2B1 /* Foundation.framework */,
			);
			name = Frameworks;
			sourceTree = "<group>";
		};
		08FB77AEFE84172EC02AAC07 /* Classes */ = {
			isa = PBXGroup;
			children = (
				F944A309153DBE8F00CA94DC /* ComGooglecodeQuicktigame2dGameView.h */,
				F944A30A153DBE8F00CA94DC /* ComGooglecodeQuicktigame2dGameView.m */,
				F944A30B153DBE8F00CA94DC /* ComGooglecodeQuicktigame2dGameViewProxy.h */,
				F944A30C153DBE8F00CA94DC /* ComGooglecodeQuicktigame2dGameViewProxy.m */,
				F944A30D153DBE8F00CA94DC /* ComGooglecodeQuicktigame2dMapSpriteProxy.h */,
				F944A30E153DBE8F00CA94DC /* ComGooglecodeQuicktigame2dMapSpriteProxy.m */,
				F944A30F153DBE8F00CA94DC /* ComGooglecodeQuicktigame2dParticlesProxy.h */,
				F944A310153DBE8F00CA94DC /* ComGooglecodeQuicktigame2dParticlesProxy.m */,
				F944A311153DBE8F00CA94DC /* ComGooglecodeQuicktigame2dSceneProxy.h */,
				F944A312153DBE8F00CA94DC /* ComGooglecodeQuicktigame2dSceneProxy.m */,
				F944A313153DBE8F00CA94DC /* ComGooglecodeQuicktigame2dSpriteProxy.h */,
				F944A314153DBE8F00CA94DC /* ComGooglecodeQuicktigame2dSpriteProxy.m */,
				F944A315153DBE8F00CA94DC /* ComGooglecodeQuicktigame2dSpriteSheetProxy.h */,
				F944A316153DBE8F00CA94DC /* ComGooglecodeQuicktigame2dSpriteSheetProxy.m */,
				F944A317153DBE8F00CA94DC /* ComGooglecodeQuicktigame2dTransformProxy.h */,
				F944A318153DBE8F00CA94DC /* ComGooglecodeQuicktigame2dTransformProxy.m */,
				24DE9E0F11C5FE74003F90F6 /* ComGooglecodeQuicktigame2dModuleAssets.h */,
				24DE9E1011C5FE74003F90F6 /* ComGooglecodeQuicktigame2dModuleAssets.mm */,
				24DD6CF71134B3F500162E58 /* ComGooglecodeQuicktigame2dModule.h */,
				24DD6CF81134B3F500162E58 /* ComGooglecodeQuicktigame2dModule.m */,
				F96ADFD41557C8F6008CA8EA /* ComGooglecodeQuicktigame2dTextSpriteProxy.h */,
				F96ADFD51557C8F6008CA8EA /* ComGooglecodeQuicktigame2dTextSpriteProxy.m */,
			);
			name = Classes;
			sourceTree = "<group>";
		};
		32C88DFF0371C24200C91783 /* Other Sources */ = {
			isa = PBXGroup;
			children = (
				AA747D9E0F9514B9006C5449 /* ComGooglecodeQuicktigame2d_Prefix.pch */,
				24DD6D1B1134B66800162E58 /* titanium.xcconfig */,
			);
			name = "Other Sources";
			sourceTree = "<group>";
		};
		F944A32A153DBEB000CA94DC /* QuickTiGame2d */ = {
			isa = PBXGroup;
			children = (
				F9D9C0D61540DDA500DAF450 /* QuickTiGame2dAnimationFrame.h */,
				F9D9C0D71540DDA500DAF450 /* QuickTiGame2dAnimationFrame.m */,
				F9D9C0D81540DDA500DAF450 /* QuickTiGame2dConstant.h */,
				F9D9C0D91540DDA500DAF450 /* QuickTiGame2dEngine.h */,
				F9D9C0DA1540DDA500DAF450 /* QuickTiGame2dEngine.m */,
				F9D9C0DB1540DDA500DAF450 /* QuickTiGame2dMapSprite.h */,
				F9D9C0DC1540DDA500DAF450 /* QuickTiGame2dMapSprite.m */,
				F9D9C0DD1540DDA500DAF450 /* QuickTiGame2dParticles.h */,
				F9D9C0DE1540DDA500DAF450 /* QuickTiGame2dParticles.m */,
				F9D9C0DF1540DDA500DAF450 /* QuickTiGame2dParticlesTypes.h */,
				F9D9C0E01540DDA500DAF450 /* QuickTiGame2dScene.h */,
				F9D9C0E11540DDA500DAF450 /* QuickTiGame2dScene.m */,
				F9D9C0E21540DDA500DAF450 /* QuickTiGame2dSprite.h */,
				F9D9C0E31540DDA500DAF450 /* QuickTiGame2dSprite.m */,
				F96ADFCF1557C884008CA8EA /* QuickTiGame2dTextSprite.h */,
				F96ADFD01557C884008CA8EA /* QuickTiGame2dTextSprite.m */,
				F9D9C0E41540DDA500DAF450 /* QuickTiGame2dTexture.h */,
				F9D9C0E51540DDA500DAF450 /* QuickTiGame2dTexture.m */,
				F9D9C0E61540DDA500DAF450 /* QuickTiGame2dTransform.h */,
				F9D9C0E71540DDA500DAF450 /* QuickTiGame2dTransform.m */,
				F9D9C0E81540DDA500DAF450 /* QuickTiGame2dUtil.h */,
				F9D9C0E91540DDA500DAF450 /* QuickTiGame2dUtil.m */,
				F9D9C0D21540DD8F00DAF450 /* ParticleDataReader.h */,
				F9D9C0D31540DD8F00DAF450 /* ParticleDataReader.m */,
				F9D9C0CE1540DD8400DAF450 /* ArrayStackQueue.h */,
				F9D9C0CF1540DD8400DAF450 /* ArrayStackQueue.m */,
			);
			name = QuickTiGame2d;
			sourceTree = "<group>";
		};
		F944A35B153DBF5400CA94DC /* example */ = {
			isa = PBXGroup;
			children = (
				F944A35C153DBF6700CA94DC /* app.js */,
			);
			name = example;
			sourceTree = "<group>";
		};
/* End PBXGroup section */

/* Begin PBXHeadersBuildPhase section */
		D2AAC07A0554694100DB518D /* Headers */ = {
			isa = PBXHeadersBuildPhase;
			buildActionMask = 2147483647;
			files = (
				AA747D9F0F9514B9006C5449 /* ComGooglecodeQuicktigame2d_Prefix.pch in Headers */,
				24DD6CF91134B3F500162E58 /* ComGooglecodeQuicktigame2dModule.h in Headers */,
				24DE9E1111C5FE74003F90F6 /* ComGooglecodeQuicktigame2dModuleAssets.h in Headers */,
				F944A319153DBE8F00CA94DC /* ComGooglecodeQuicktigame2dGameView.h in Headers */,
				F944A31B153DBE8F00CA94DC /* ComGooglecodeQuicktigame2dGameViewProxy.h in Headers */,
				F944A31D153DBE8F00CA94DC /* ComGooglecodeQuicktigame2dMapSpriteProxy.h in Headers */,
				F944A31F153DBE8F00CA94DC /* ComGooglecodeQuicktigame2dParticlesProxy.h in Headers */,
				F944A321153DBE8F00CA94DC /* ComGooglecodeQuicktigame2dSceneProxy.h in Headers */,
				F944A323153DBE8F00CA94DC /* ComGooglecodeQuicktigame2dSpriteProxy.h in Headers */,
				F944A325153DBE8F00CA94DC /* ComGooglecodeQuicktigame2dSpriteSheetProxy.h in Headers */,
				F944A327153DBE8F00CA94DC /* ComGooglecodeQuicktigame2dTransformProxy.h in Headers */,
				F9D9C0D01540DD8400DAF450 /* ArrayStackQueue.h in Headers */,
				F9D9C0D41540DD8F00DAF450 /* ParticleDataReader.h in Headers */,
				F9D9C0EA1540DDA500DAF450 /* QuickTiGame2dAnimationFrame.h in Headers */,
				F9D9C0EC1540DDA500DAF450 /* QuickTiGame2dConstant.h in Headers */,
				F9D9C0ED1540DDA500DAF450 /* QuickTiGame2dEngine.h in Headers */,
				F9D9C0EF1540DDA500DAF450 /* QuickTiGame2dMapSprite.h in Headers */,
				F9D9C0F11540DDA500DAF450 /* QuickTiGame2dParticles.h in Headers */,
				F9D9C0F31540DDA500DAF450 /* QuickTiGame2dParticlesTypes.h in Headers */,
				F9D9C0F41540DDA500DAF450 /* QuickTiGame2dScene.h in Headers */,
				F9D9C0F61540DDA500DAF450 /* QuickTiGame2dSprite.h in Headers */,
				F9D9C0F81540DDA500DAF450 /* QuickTiGame2dTexture.h in Headers */,
				F9D9C0FA1540DDA500DAF450 /* QuickTiGame2dTransform.h in Headers */,
				F9D9C0FC1540DDA500DAF450 /* QuickTiGame2dUtil.h in Headers */,
				F96ADFD11557C884008CA8EA /* QuickTiGame2dTextSprite.h in Headers */,
				F96ADFD61557C8F6008CA8EA /* ComGooglecodeQuicktigame2dTextSpriteProxy.h in Headers */,
			);
			runOnlyForDeploymentPostprocessing = 0;
		};
/* End PBXHeadersBuildPhase section */

/* Begin PBXNativeTarget section */
		D2AAC07D0554694100DB518D /* quicktigame2dmodule */ = {
			isa = PBXNativeTarget;
			buildConfigurationList = 1DEB921E08733DC00010E9CD /* Build configuration list for PBXNativeTarget "quicktigame2dmodule" */;
			buildPhases = (
				D2AAC07A0554694100DB518D /* Headers */,
				D2AAC07B0554694100DB518D /* Sources */,
				D2AAC07C0554694100DB518D /* Frameworks */,
			);
			buildRules = (
			);
			dependencies = (
			);
			name = quicktigame2dmodule;
			productName = quicktigame2dmodule;
			productReference = D2AAC07E0554694100DB518D /* libComGooglecodeQuicktigame2d.a */;
			productType = "com.apple.product-type.library.static";
		};
/* End PBXNativeTarget section */

/* Begin PBXProject section */
		0867D690FE84028FC02AAC07 /* Project object */ = {
			isa = PBXProject;
			attributes = {
				LastUpgradeCheck = 0430;
			};
			buildConfigurationList = 1DEB922208733DC00010E9CD /* Build configuration list for PBXProject "quicktigame2dmodule" */;
			compatibilityVersion = "Xcode 3.2";
			developmentRegion = English;
			hasScannedForEncodings = 1;
			knownRegions = (
				English,
				Japanese,
				French,
				German,
			);
			mainGroup = 0867D691FE84028FC02AAC07 /* quicktigame2dmodule */;
			productRefGroup = 034768DFFF38A50411DB9C8B /* Products */;
			projectDirPath = "";
			projectRoot = "";
			targets = (
				D2AAC07D0554694100DB518D /* quicktigame2dmodule */,
				24416B8111C4CA220047AFDD /* Build & Test */,
			);
		};
/* End PBXProject section */

/* Begin PBXShellScriptBuildPhase section */
		24416B8011C4CA220047AFDD /* ShellScript */ = {
			isa = PBXShellScriptBuildPhase;
			buildActionMask = 2147483647;
			files = (
			);
			inputPaths = (
			);
			outputPaths = (
			);
			runOnlyForDeploymentPostprocessing = 0;
			shellPath = /bin/sh;
			shellScript = "# shell script goes here\n\npython \"${TITANIUM_SDK}/titanium.py\" run --dir=\"${PROJECT_DIR}\"\nexit $?\n";
		};
/* End PBXShellScriptBuildPhase section */

/* Begin PBXSourcesBuildPhase section */
		D2AAC07B0554694100DB518D /* Sources */ = {
			isa = PBXSourcesBuildPhase;
			buildActionMask = 2147483647;
			files = (
				24DD6CFA1134B3F500162E58 /* ComGooglecodeQuicktigame2dModule.m in Sources */,
				24DE9E1211C5FE74003F90F6 /* ComGooglecodeQuicktigame2dModuleAssets.mm in Sources */,
				F944A31A153DBE8F00CA94DC /* ComGooglecodeQuicktigame2dGameView.m in Sources */,
				F944A31C153DBE8F00CA94DC /* ComGooglecodeQuicktigame2dGameViewProxy.m in Sources */,
				F944A31E153DBE8F00CA94DC /* ComGooglecodeQuicktigame2dMapSpriteProxy.m in Sources */,
				F944A320153DBE8F00CA94DC /* ComGooglecodeQuicktigame2dParticlesProxy.m in Sources */,
				F944A322153DBE8F00CA94DC /* ComGooglecodeQuicktigame2dSceneProxy.m in Sources */,
				F944A324153DBE8F00CA94DC /* ComGooglecodeQuicktigame2dSpriteProxy.m in Sources */,
				F944A326153DBE8F00CA94DC /* ComGooglecodeQuicktigame2dSpriteSheetProxy.m in Sources */,
				F944A328153DBE8F00CA94DC /* ComGooglecodeQuicktigame2dTransformProxy.m in Sources */,
				F9D9C0D11540DD8400DAF450 /* ArrayStackQueue.m in Sources */,
				F9D9C0D51540DD8F00DAF450 /* ParticleDataReader.m in Sources */,
				F9D9C0EB1540DDA500DAF450 /* QuickTiGame2dAnimationFrame.m in Sources */,
				F9D9C0EE1540DDA500DAF450 /* QuickTiGame2dEngine.m in Sources */,
				F9D9C0F01540DDA500DAF450 /* QuickTiGame2dMapSprite.m in Sources */,
				F9D9C0F21540DDA500DAF450 /* QuickTiGame2dParticles.m in Sources */,
				F9D9C0F51540DDA500DAF450 /* QuickTiGame2dScene.m in Sources */,
				F9D9C0F71540DDA500DAF450 /* QuickTiGame2dSprite.m in Sources */,
				F9D9C0F91540DDA500DAF450 /* QuickTiGame2dTexture.m in Sources */,
				F9D9C0FB1540DDA500DAF450 /* QuickTiGame2dTransform.m in Sources */,
				F9D9C0FD1540DDA500DAF450 /* QuickTiGame2dUtil.m in Sources */,
				F96ADFD21557C884008CA8EA /* QuickTiGame2dTextSprite.m in Sources */,
				F96ADFD71557C8F6008CA8EA /* ComGooglecodeQuicktigame2dTextSpriteProxy.m in Sources */,
			);
			runOnlyForDeploymentPostprocessing = 0;
		};
/* End PBXSourcesBuildPhase section */

/* Begin PBXTargetDependency section */
		24416B8511C4CA280047AFDD /* PBXTargetDependency */ = {
			isa = PBXTargetDependency;
			target = D2AAC07D0554694100DB518D /* quicktigame2dmodule */;
			targetProxy = 24416B8411C4CA280047AFDD /* PBXContainerItemProxy */;
		};
/* End PBXTargetDependency section */

/* Begin XCBuildConfiguration section */
		1DEB921F08733DC00010E9CD /* Debug */ = {
			isa = XCBuildConfiguration;
			baseConfigurationReference = 24DD6D1B1134B66800162E58 /* titanium.xcconfig */;
			buildSettings = {
				ARCHS = (
					armv6,
					armv7,
				);
				"ARCHS[sdk=iphoneos*]" = (
					armv6,
					armv7,
				);
				"ARCHS[sdk=iphonesimulator*]" = i386;
				CODE_SIGN_IDENTITY = "iPhone Developer";
				"CODE_SIGN_IDENTITY[sdk=iphoneos*]" = "iPhone Developer";
				DSTROOT = /tmp/ComGooglecodeQuicktigame2d.dst;
				GCC_C_LANGUAGE_STANDARD = c99;
				GCC_OPTIMIZATION_LEVEL = 0;
				GCC_PRECOMPILE_PREFIX_HEADER = YES;
				GCC_PREFIX_HEADER = ComGooglecodeQuicktigame2d_Prefix.pch;
				GCC_PREPROCESSOR_DEFINITIONS = "TI_VERSION=$(TI_VERSION)";
				GCC_THUMB_SUPPORT = NO;
				GCC_TREAT_WARNINGS_AS_ERRORS = NO;
				GCC_VERSION = "";
				GCC_WARN_ABOUT_RETURN_TYPE = NO;
				GCC_WARN_MISSING_PARENTHESES = NO;
				GCC_WARN_SHADOW = NO;
				GCC_WARN_STRICT_SELECTOR_MATCH = NO;
				GCC_WARN_UNUSED_FUNCTION = YES;
				GCC_WARN_UNUSED_PARAMETER = NO;
				GCC_WARN_UNUSED_VALUE = NO;
				GCC_WARN_UNUSED_VARIABLE = NO;
				INSTALL_PATH = /usr/local/lib;
				LIBRARY_SEARCH_PATHS = "";
				OTHER_CFLAGS = (
					"-DDEBUG",
					"-DTI_POST_1_2",
				);
				OTHER_LDFLAGS = "-ObjC";
				PRODUCT_NAME = ComGooglecodeQuicktigame2d;
				PROVISIONING_PROFILE = "";
				"PROVISIONING_PROFILE[sdk=iphoneos*]" = "";
				RUN_CLANG_STATIC_ANALYZER = NO;
				SDKROOT = iphoneos;
				TITANIUM_SDK_VERSION = 2.1.1.GA;
				USER_HEADER_SEARCH_PATHS = "";
			};
			name = Debug;
		};
		1DEB922008733DC00010E9CD /* Release */ = {
			isa = XCBuildConfiguration;
			baseConfigurationReference = 24DD6D1B1134B66800162E58 /* titanium.xcconfig */;
			buildSettings = {
				ALWAYS_SEARCH_USER_PATHS = NO;
				ARCHS = (
					armv6,
					armv7,
				);
				"ARCHS[sdk=iphoneos*]" = (
					armv6,
					armv7,
				);
				"ARCHS[sdk=iphonesimulator*]" = i386;
				DSTROOT = /tmp/ComGooglecodeQuicktigame2d.dst;
				GCC_C_LANGUAGE_STANDARD = c99;
				GCC_MODEL_TUNING = G5;
				GCC_PRECOMPILE_PREFIX_HEADER = YES;
				GCC_PREFIX_HEADER = ComGooglecodeQuicktigame2d_Prefix.pch;
				GCC_PREPROCESSOR_DEFINITIONS = "TI_VERSION=$(TI_VERSION)";
				GCC_THUMB_SUPPORT = NO;
				GCC_TREAT_WARNINGS_AS_ERRORS = NO;
				GCC_VERSION = "";
				GCC_WARN_ABOUT_RETURN_TYPE = NO;
				GCC_WARN_MISSING_PARENTHESES = NO;
				GCC_WARN_SHADOW = NO;
				GCC_WARN_STRICT_SELECTOR_MATCH = NO;
				GCC_WARN_UNUSED_FUNCTION = YES;
				GCC_WARN_UNUSED_PARAMETER = NO;
				GCC_WARN_UNUSED_VALUE = NO;
				GCC_WARN_UNUSED_VARIABLE = NO;
				INSTALL_PATH = /usr/local/lib;
				IPHONEOS_DEPLOYMENT_TARGET = 4.0;
				LIBRARY_SEARCH_PATHS = "";
				OTHER_CFLAGS = "-DTI_POST_1_2";
				OTHER_LDFLAGS = "-ObjC";
				PRODUCT_NAME = ComGooglecodeQuicktigame2d;
				RUN_CLANG_STATIC_ANALYZER = NO;
				SDKROOT = iphoneos;
				TITANIUM_SDK_VERSION = 2.1.1.GA;
				USER_HEADER_SEARCH_PATHS = "";
			};
			name = Release;
		};
		1DEB922308733DC00010E9CD /* Debug */ = {
			isa = XCBuildConfiguration;
			baseConfigurationReference = 24DD6D1B1134B66800162E58 /* titanium.xcconfig */;
			buildSettings = {
				ARCHS = (
					armv6,
					armv7,
				);
				"ARCHS[sdk=iphoneos*]" = (
					armv6,
					armv7,
				);
				"ARCHS[sdk=iphonesimulator*]" = i386;
				CODE_SIGN_IDENTITY = "iPhone Developer";
				"CODE_SIGN_IDENTITY[sdk=iphoneos*]" = "iPhone Developer";
				DSTROOT = /tmp/ComGooglecodeQuicktigame2d.dst;
				GCC_C_LANGUAGE_STANDARD = c99;
				GCC_OPTIMIZATION_LEVEL = 0;
				GCC_PRECOMPILE_PREFIX_HEADER = YES;
				GCC_PREFIX_HEADER = ComGooglecodeQuicktigame2d_Prefix.pch;
				GCC_PREPROCESSOR_DEFINITIONS = "TI_VERSION=$(TI_VERSION)";
				GCC_THUMB_SUPPORT = NO;
				GCC_TREAT_WARNINGS_AS_ERRORS = NO;
				GCC_VERSION = "";
				GCC_WARN_ABOUT_RETURN_TYPE = NO;
				GCC_WARN_MISSING_PARENTHESES = NO;
				GCC_WARN_SHADOW = NO;
				GCC_WARN_STRICT_SELECTOR_MATCH = NO;
				GCC_WARN_UNUSED_FUNCTION = YES;
				GCC_WARN_UNUSED_PARAMETER = NO;
				GCC_WARN_UNUSED_VALUE = NO;
				GCC_WARN_UNUSED_VARIABLE = NO;
				INSTALL_PATH = /usr/local/lib;
				OTHER_CFLAGS = (
					"-DDEBUG",
					"-DTI_POST_1_2",
				);
				OTHER_LDFLAGS = "-ObjC";
				PRODUCT_NAME = ComGooglecodeQuicktigame2d;
				PROVISIONING_PROFILE = "";
				"PROVISIONING_PROFILE[sdk=iphoneos*]" = "";
				RUN_CLANG_STATIC_ANALYZER = NO;
				SDKROOT = iphoneos;
				TITANIUM_SDK_VERSION = 2.1.1.GA;
				USER_HEADER_SEARCH_PATHS = "";
			};
			name = Debug;
		};
		1DEB922408733DC00010E9CD /* Release */ = {
			isa = XCBuildConfiguration;
			baseConfigurationReference = 24DD6D1B1134B66800162E58 /* titanium.xcconfig */;
			buildSettings = {
				ALWAYS_SEARCH_USER_PATHS = NO;
				ARCHS = (
					armv6,
					armv7,
				);
				"ARCHS[sdk=iphoneos*]" = (
					armv6,
					armv7,
				);
				"ARCHS[sdk=iphonesimulator*]" = i386;
				DSTROOT = /tmp/ComGooglecodeQuicktigame2d.dst;
				GCC_C_LANGUAGE_STANDARD = c99;
				GCC_MODEL_TUNING = G5;
				GCC_PRECOMPILE_PREFIX_HEADER = YES;
				GCC_PREFIX_HEADER = ComGooglecodeQuicktigame2d_Prefix.pch;
				GCC_PREPROCESSOR_DEFINITIONS = "TI_VERSION=$(TI_VERSION)";
				GCC_THUMB_SUPPORT = NO;
				GCC_TREAT_WARNINGS_AS_ERRORS = NO;
				GCC_VERSION = "";
				GCC_WARN_ABOUT_RETURN_TYPE = NO;
				GCC_WARN_MISSING_PARENTHESES = NO;
				GCC_WARN_SHADOW = NO;
				GCC_WARN_STRICT_SELECTOR_MATCH = NO;
				GCC_WARN_UNUSED_FUNCTION = YES;
				GCC_WARN_UNUSED_PARAMETER = NO;
				GCC_WARN_UNUSED_VALUE = NO;
				GCC_WARN_UNUSED_VARIABLE = NO;
				INSTALL_PATH = /usr/local/lib;
				IPHONEOS_DEPLOYMENT_TARGET = 4.0;
				OTHER_CFLAGS = "-DTI_POST_1_2";
				OTHER_LDFLAGS = "-ObjC";
				PRODUCT_NAME = ComGooglecodeQuicktigame2d;
				RUN_CLANG_STATIC_ANALYZER = NO;
				SDKROOT = iphoneos;
				TITANIUM_SDK_VERSION = 2.1.1.GA;
				USER_HEADER_SEARCH_PATHS = "";
			};
			name = Release;
		};
		24416B8211C4CA220047AFDD /* Debug */ = {
			isa = XCBuildConfiguration;
			baseConfigurationReference = 24DD6D1B1134B66800162E58 /* titanium.xcconfig */;
			buildSettings = {
				COPY_PHASE_STRIP = NO;
				GCC_DYNAMIC_NO_PIC = NO;
				GCC_OPTIMIZATION_LEVEL = 0;
				GCC_THUMB_SUPPORT = NO;
				PRODUCT_NAME = "Build & test";
				TITANIUM_SDK_VERSION = 2.1.1.GA;
			};
			name = Debug;
		};
		24416B8311C4CA220047AFDD /* Release */ = {
			isa = XCBuildConfiguration;
			baseConfigurationReference = 24DD6D1B1134B66800162E58 /* titanium.xcconfig */;
			buildSettings = {
				COPY_PHASE_STRIP = YES;
				DEBUG_INFORMATION_FORMAT = "dwarf-with-dsym";
				GCC_THUMB_SUPPORT = NO;
				PRODUCT_NAME = "Build & test";
				TITANIUM_SDK_VERSION = 2.1.1.GA;
				ZERO_LINK = NO;
			};
			name = Release;
		};
/* End XCBuildConfiguration section */

/* Begin XCConfigurationList section */
		1DEB921E08733DC00010E9CD /* Build configuration list for PBXNativeTarget "quicktigame2dmodule" */ = {
			isa = XCConfigurationList;
			buildConfigurations = (
				1DEB921F08733DC00010E9CD /* Debug */,
				1DEB922008733DC00010E9CD /* Release */,
			);
			defaultConfigurationIsVisible = 0;
			defaultConfigurationName = Release;
		};
		1DEB922208733DC00010E9CD /* Build configuration list for PBXProject "quicktigame2dmodule" */ = {
			isa = XCConfigurationList;
			buildConfigurations = (
				1DEB922308733DC00010E9CD /* Debug */,
				1DEB922408733DC00010E9CD /* Release */,
			);
			defaultConfigurationIsVisible = 0;
			defaultConfigurationName = Release;
		};
		24416B8A11C4CA520047AFDD /* Build configuration list for PBXAggregateTarget "Build & Test" */ = {
			isa = XCConfigurationList;
			buildConfigurations = (
				24416B8211C4CA220047AFDD /* Debug */,
				24416B8311C4CA220047AFDD /* Release */,
			);
			defaultConfigurationIsVisible = 0;
			defaultConfigurationName = Release;
		};
/* End XCConfigurationList section */
	};
	rootObject = 0867D690FE84028FC02AAC07 /* Project object */;
}
